// !$*UTF8*$!
{
	archiveVersion = 1;
	classes = {
	};
	objectVersion = 46;
	objects = {

/* Begin PBXBuildFile section */
		4FF76CFD5CE1457A359B0074 /* Pods_trackerTests.framework in Frameworks */ = {isa = PBXBuildFile; fileRef = 95C2710A9F06DF8E5E9BDEBC /* Pods_trackerTests.framework */; };
		7F906715B875D07E89788254 /* Pods_tracker.framework in Frameworks */ = {isa = PBXBuildFile; fileRef = 2309BA6AD2C53A009055C317 /* Pods_tracker.framework */; };
		9FF45E0BE01D6D4FDDD5C7C6 /* Pods_trackerUITests.framework in Frameworks */ = {isa = PBXBuildFile; fileRef = E3E9A77F8787D3DEBDF53493 /* Pods_trackerUITests.framework */; };
		E0B5B4B11EC71A95000B338D /* AppDelegate.swift in Sources */ = {isa = PBXBuildFile; fileRef = E0B5B4B01EC71A95000B338D /* AppDelegate.swift */; };
		E0B5B4B31EC71A95000B338D /* ViewController.swift in Sources */ = {isa = PBXBuildFile; fileRef = E0B5B4B21EC71A95000B338D /* ViewController.swift */; };
		E0B5B4B61EC71A95000B338D /* Main.storyboard in Resources */ = {isa = PBXBuildFile; fileRef = E0B5B4B41EC71A95000B338D /* Main.storyboard */; };
		E0B5B4B81EC71A95000B338D /* Assets.xcassets in Resources */ = {isa = PBXBuildFile; fileRef = E0B5B4B71EC71A95000B338D /* Assets.xcassets */; };
		E0B5B4BB1EC71A95000B338D /* LaunchScreen.storyboard in Resources */ = {isa = PBXBuildFile; fileRef = E0B5B4B91EC71A95000B338D /* LaunchScreen.storyboard */; };
		E0B5B4C61EC71A95000B338D /* trackerTests.swift in Sources */ = {isa = PBXBuildFile; fileRef = E0B5B4C51EC71A95000B338D /* trackerTests.swift */; };
		E0B5B4D11EC71A95000B338D /* trackerUITests.swift in Sources */ = {isa = PBXBuildFile; fileRef = E0B5B4D01EC71A95000B338D /* trackerUITests.swift */; };
/* End PBXBuildFile section */

/* Begin PBXContainerItemProxy section */
		E0B5B4C21EC71A95000B338D /* PBXContainerItemProxy */ = {
			isa = PBXContainerItemProxy;
			containerPortal = E0B5B4A51EC71A95000B338D /* Project object */;
			proxyType = 1;
			remoteGlobalIDString = E0B5B4AC1EC71A95000B338D;
			remoteInfo = tracker;
		};
		E0B5B4CD1EC71A95000B338D /* PBXContainerItemProxy */ = {
			isa = PBXContainerItemProxy;
			containerPortal = E0B5B4A51EC71A95000B338D /* Project object */;
			proxyType = 1;
			remoteGlobalIDString = E0B5B4AC1EC71A95000B338D;
			remoteInfo = tracker;
		};
/* End PBXContainerItemProxy section */

/* Begin PBXFileReference section */
		2309BA6AD2C53A009055C317 /* Pods_tracker.framework */ = {isa = PBXFileReference; explicitFileType = wrapper.framework; includeInIndex = 0; path = Pods_tracker.framework; sourceTree = BUILT_PRODUCTS_DIR; };
		55006BAF157051B5BD14D6DF /* Pods-trackerUITests.debug.xcconfig */ = {isa = PBXFileReference; includeInIndex = 1; lastKnownFileType = text.xcconfig; name = "Pods-trackerUITests.debug.xcconfig"; path = "Pods/Target Support Files/Pods-trackerUITests/Pods-trackerUITests.debug.xcconfig"; sourceTree = "<group>"; };
		95C2710A9F06DF8E5E9BDEBC /* Pods_trackerTests.framework */ = {isa = PBXFileReference; explicitFileType = wrapper.framework; includeInIndex = 0; path = Pods_trackerTests.framework; sourceTree = BUILT_PRODUCTS_DIR; };
		9EE8DB5E2BB7DDFA6A78BEF4 /* Pods-tracker.debug.xcconfig */ = {isa = PBXFileReference; includeInIndex = 1; lastKnownFileType = text.xcconfig; name = "Pods-tracker.debug.xcconfig"; path = "Pods/Target Support Files/Pods-tracker/Pods-tracker.debug.xcconfig"; sourceTree = "<group>"; };
		AC53556CB15B446370A77908 /* Pods-trackerUITests.release.xcconfig */ = {isa = PBXFileReference; includeInIndex = 1; lastKnownFileType = text.xcconfig; name = "Pods-trackerUITests.release.xcconfig"; path = "Pods/Target Support Files/Pods-trackerUITests/Pods-trackerUITests.release.xcconfig"; sourceTree = "<group>"; };
		AE7C57163838AB439210BDE4 /* Pods-trackerTests.release.xcconfig */ = {isa = PBXFileReference; includeInIndex = 1; lastKnownFileType = text.xcconfig; name = "Pods-trackerTests.release.xcconfig"; path = "Pods/Target Support Files/Pods-trackerTests/Pods-trackerTests.release.xcconfig"; sourceTree = "<group>"; };
		D6AEC063D3A1F2BCA00F2AA1 /* Pods-trackerTests.debug.xcconfig */ = {isa = PBXFileReference; includeInIndex = 1; lastKnownFileType = text.xcconfig; name = "Pods-trackerTests.debug.xcconfig"; path = "Pods/Target Support Files/Pods-trackerTests/Pods-trackerTests.debug.xcconfig"; sourceTree = "<group>"; };
		E0B5B4AD1EC71A95000B338D /* tracker.app */ = {isa = PBXFileReference; explicitFileType = wrapper.application; includeInIndex = 0; path = tracker.app; sourceTree = BUILT_PRODUCTS_DIR; };
		E0B5B4B01EC71A95000B338D /* AppDelegate.swift */ = {isa = PBXFileReference; lastKnownFileType = sourcecode.swift; path = AppDelegate.swift; sourceTree = "<group>"; };
		E0B5B4B21EC71A95000B338D /* ViewController.swift */ = {isa = PBXFileReference; lastKnownFileType = sourcecode.swift; path = ViewController.swift; sourceTree = "<group>"; };
		E0B5B4B51EC71A95000B338D /* Base */ = {isa = PBXFileReference; lastKnownFileType = file.storyboard; name = Base; path = Base.lproj/Main.storyboard; sourceTree = "<group>"; };
		E0B5B4B71EC71A95000B338D /* Assets.xcassets */ = {isa = PBXFileReference; lastKnownFileType = folder.assetcatalog; path = Assets.xcassets; sourceTree = "<group>"; };
		E0B5B4BA1EC71A95000B338D /* Base */ = {isa = PBXFileReference; lastKnownFileType = file.storyboard; name = Base; path = Base.lproj/LaunchScreen.storyboard; sourceTree = "<group>"; };
		E0B5B4BC1EC71A95000B338D /* Info.plist */ = {isa = PBXFileReference; lastKnownFileType = text.plist.xml; path = Info.plist; sourceTree = "<group>"; };
		E0B5B4C11EC71A95000B338D /* trackerTests.xctest */ = {isa = PBXFileReference; explicitFileType = wrapper.cfbundle; includeInIndex = 0; path = trackerTests.xctest; sourceTree = BUILT_PRODUCTS_DIR; };
		E0B5B4C51EC71A95000B338D /* trackerTests.swift */ = {isa = PBXFileReference; lastKnownFileType = sourcecode.swift; path = trackerTests.swift; sourceTree = "<group>"; };
		E0B5B4C71EC71A95000B338D /* Info.plist */ = {isa = PBXFileReference; lastKnownFileType = text.plist.xml; path = Info.plist; sourceTree = "<group>"; };
		E0B5B4CC1EC71A95000B338D /* trackerUITests.xctest */ = {isa = PBXFileReference; explicitFileType = wrapper.cfbundle; includeInIndex = 0; path = trackerUITests.xctest; sourceTree = BUILT_PRODUCTS_DIR; };
		E0B5B4D01EC71A95000B338D /* trackerUITests.swift */ = {isa = PBXFileReference; lastKnownFileType = sourcecode.swift; path = trackerUITests.swift; sourceTree = "<group>"; };
		E0B5B4D21EC71A95000B338D /* Info.plist */ = {isa = PBXFileReference; lastKnownFileType = text.plist.xml; path = Info.plist; sourceTree = "<group>"; };
		E28660138DA4F2DCBED4E4DB /* Pods-tracker.release.xcconfig */ = {isa = PBXFileReference; includeInIndex = 1; lastKnownFileType = text.xcconfig; name = "Pods-tracker.release.xcconfig"; path = "Pods/Target Support Files/Pods-tracker/Pods-tracker.release.xcconfig"; sourceTree = "<group>"; };
		E3E9A77F8787D3DEBDF53493 /* Pods_trackerUITests.framework */ = {isa = PBXFileReference; explicitFileType = wrapper.framework; includeInIndex = 0; path = Pods_trackerUITests.framework; sourceTree = BUILT_PRODUCTS_DIR; };
/* End PBXFileReference section */

/* Begin PBXFrameworksBuildPhase section */
		E0B5B4AA1EC71A95000B338D /* Frameworks */ = {
			isa = PBXFrameworksBuildPhase;
			buildActionMask = 2147483647;
			files = (
				7F906715B875D07E89788254 /* Pods_tracker.framework in Frameworks */,
			);
			runOnlyForDeploymentPostprocessing = 0;
		};
		E0B5B4BE1EC71A95000B338D /* Frameworks */ = {
			isa = PBXFrameworksBuildPhase;
			buildActionMask = 2147483647;
			files = (
				4FF76CFD5CE1457A359B0074 /* Pods_trackerTests.framework in Frameworks */,
			);
			runOnlyForDeploymentPostprocessing = 0;
		};
		E0B5B4C91EC71A95000B338D /* Frameworks */ = {
			isa = PBXFrameworksBuildPhase;
			buildActionMask = 2147483647;
			files = (
				9FF45E0BE01D6D4FDDD5C7C6 /* Pods_trackerUITests.framework in Frameworks */,
			);
			runOnlyForDeploymentPostprocessing = 0;
		};
/* End PBXFrameworksBuildPhase section */

/* Begin PBXGroup section */
		816580B075C956FC65A44213 /* Pods */ = {
			isa = PBXGroup;
			children = (
				9EE8DB5E2BB7DDFA6A78BEF4 /* Pods-tracker.debug.xcconfig */,
				E28660138DA4F2DCBED4E4DB /* Pods-tracker.release.xcconfig */,
				D6AEC063D3A1F2BCA00F2AA1 /* Pods-trackerTests.debug.xcconfig */,
				AE7C57163838AB439210BDE4 /* Pods-trackerTests.release.xcconfig */,
				55006BAF157051B5BD14D6DF /* Pods-trackerUITests.debug.xcconfig */,
				AC53556CB15B446370A77908 /* Pods-trackerUITests.release.xcconfig */,
			);
			name = Pods;
			sourceTree = "<group>";
		};
		AA960681C4A20C90255B83D6 /* Frameworks */ = {
			isa = PBXGroup;
			children = (
				2309BA6AD2C53A009055C317 /* Pods_tracker.framework */,
				95C2710A9F06DF8E5E9BDEBC /* Pods_trackerTests.framework */,
				E3E9A77F8787D3DEBDF53493 /* Pods_trackerUITests.framework */,
			);
			name = Frameworks;
			sourceTree = "<group>";
		};
		E0B5B4A41EC71A95000B338D = {
			isa = PBXGroup;
			children = (
				E0B5B4AF1EC71A95000B338D /* tracker */,
				E0B5B4C41EC71A95000B338D /* trackerTests */,
				E0B5B4CF1EC71A95000B338D /* trackerUITests */,
				E0B5B4AE1EC71A95000B338D /* Products */,
				816580B075C956FC65A44213 /* Pods */,
				AA960681C4A20C90255B83D6 /* Frameworks */,
			);
			sourceTree = "<group>";
		};
		E0B5B4AE1EC71A95000B338D /* Products */ = {
			isa = PBXGroup;
			children = (
				E0B5B4AD1EC71A95000B338D /* tracker.app */,
				E0B5B4C11EC71A95000B338D /* trackerTests.xctest */,
				E0B5B4CC1EC71A95000B338D /* trackerUITests.xctest */,
			);
			name = Products;
			sourceTree = "<group>";
		};
		E0B5B4AF1EC71A95000B338D /* tracker */ = {
			isa = PBXGroup;
			children = (
				E0B5B4B01EC71A95000B338D /* AppDelegate.swift */,
				E0B5B4B21EC71A95000B338D /* ViewController.swift */,
				E0B5B4B41EC71A95000B338D /* Main.storyboard */,
				E0B5B4B71EC71A95000B338D /* Assets.xcassets */,
				E0B5B4B91EC71A95000B338D /* LaunchScreen.storyboard */,
				E0B5B4BC1EC71A95000B338D /* Info.plist */,
			);
			path = tracker;
			sourceTree = "<group>";
		};
		E0B5B4C41EC71A95000B338D /* trackerTests */ = {
			isa = PBXGroup;
			children = (
				E0B5B4C51EC71A95000B338D /* trackerTests.swift */,
				E0B5B4C71EC71A95000B338D /* Info.plist */,
			);
			path = trackerTests;
			sourceTree = "<group>";
		};
		E0B5B4CF1EC71A95000B338D /* trackerUITests */ = {
			isa = PBXGroup;
			children = (
				E0B5B4D01EC71A95000B338D /* trackerUITests.swift */,
				E0B5B4D21EC71A95000B338D /* Info.plist */,
			);
			path = trackerUITests;
			sourceTree = "<group>";
		};
/* End PBXGroup section */

/* Begin PBXNativeTarget section */
		E0B5B4AC1EC71A95000B338D /* tracker */ = {
			isa = PBXNativeTarget;
			buildConfigurationList = E0B5B4D51EC71A95000B338D /* Build configuration list for PBXNativeTarget "tracker" */;
			buildPhases = (
				2E7C857943A9379CCEAA775E /* [CP] Check Pods Manifest.lock */,
				E0B5B4A91EC71A95000B338D /* Sources */,
				E0B5B4AA1EC71A95000B338D /* Frameworks */,
				E0B5B4AB1EC71A95000B338D /* Resources */,
				A00A795AE338DA636113373B /* [CP] Embed Pods Frameworks */,
				77E3065E7000684D240AA3F0 /* [CP] Copy Pods Resources */,
			);
			buildRules = (
			);
			dependencies = (
			);
			name = tracker;
			productName = tracker;
			productReference = E0B5B4AD1EC71A95000B338D /* tracker.app */;
			productType = "com.apple.product-type.application";
		};
		E0B5B4C01EC71A95000B338D /* trackerTests */ = {
			isa = PBXNativeTarget;
			buildConfigurationList = E0B5B4D81EC71A95000B338D /* Build configuration list for PBXNativeTarget "trackerTests" */;
			buildPhases = (
				08C3A7361E1F4BD0C89B3696 /* [CP] Check Pods Manifest.lock */,
				E0B5B4BD1EC71A95000B338D /* Sources */,
				E0B5B4BE1EC71A95000B338D /* Frameworks */,
				E0B5B4BF1EC71A95000B338D /* Resources */,
				E5F45FACC9F3D8411922B9D1 /* [CP] Embed Pods Frameworks */,
				F1B8AE511421AB43CB9C37D9 /* [CP] Copy Pods Resources */,
			);
			buildRules = (
			);
			dependencies = (
				E0B5B4C31EC71A95000B338D /* PBXTargetDependency */,
			);
			name = trackerTests;
			productName = trackerTests;
			productReference = E0B5B4C11EC71A95000B338D /* trackerTests.xctest */;
			productType = "com.apple.product-type.bundle.unit-test";
		};
		E0B5B4CB1EC71A95000B338D /* trackerUITests */ = {
			isa = PBXNativeTarget;
			buildConfigurationList = E0B5B4DB1EC71A95000B338D /* Build configuration list for PBXNativeTarget "trackerUITests" */;
			buildPhases = (
				EF1AFC089281330AECCF4119 /* [CP] Check Pods Manifest.lock */,
				E0B5B4C81EC71A95000B338D /* Sources */,
				E0B5B4C91EC71A95000B338D /* Frameworks */,
				E0B5B4CA1EC71A95000B338D /* Resources */,
				AAA8E2B12D0443AB7130B8F5 /* [CP] Embed Pods Frameworks */,
				43407FE3C30CB850BD79E8C4 /* [CP] Copy Pods Resources */,
			);
			buildRules = (
			);
			dependencies = (
				E0B5B4CE1EC71A95000B338D /* PBXTargetDependency */,
			);
			name = trackerUITests;
			productName = trackerUITests;
			productReference = E0B5B4CC1EC71A95000B338D /* trackerUITests.xctest */;
			productType = "com.apple.product-type.bundle.ui-testing";
		};
/* End PBXNativeTarget section */

/* Begin PBXProject section */
		E0B5B4A51EC71A95000B338D /* Project object */ = {
			isa = PBXProject;
			attributes = {
				LastSwiftUpdateCheck = 0830;
				LastUpgradeCheck = 0830;
				ORGANIZATIONNAME = "Raman Kazimirchyk";
				TargetAttributes = {
					E0B5B4AC1EC71A95000B338D = {
						CreatedOnToolsVersion = 8.3.1;
						ProvisioningStyle = Automatic;
					};
					E0B5B4C01EC71A95000B338D = {
						CreatedOnToolsVersion = 8.3.1;
						ProvisioningStyle = Automatic;
						TestTargetID = E0B5B4AC1EC71A95000B338D;
					};
					E0B5B4CB1EC71A95000B338D = {
						CreatedOnToolsVersion = 8.3.1;
						ProvisioningStyle = Automatic;
						TestTargetID = E0B5B4AC1EC71A95000B338D;
					};
				};
			};
			buildConfigurationList = E0B5B4A81EC71A95000B338D /* Build configuration list for PBXProject "tracker" */;
			compatibilityVersion = "Xcode 3.2";
			developmentRegion = English;
			hasScannedForEncodings = 0;
			knownRegions = (
				en,
				Base,
			);
			mainGroup = E0B5B4A41EC71A95000B338D;
			productRefGroup = E0B5B4AE1EC71A95000B338D /* Products */;
			projectDirPath = "";
			projectRoot = "";
			targets = (
				E0B5B4AC1EC71A95000B338D /* tracker */,
				E0B5B4C01EC71A95000B338D /* trackerTests */,
				E0B5B4CB1EC71A95000B338D /* trackerUITests */,
			);
		};
/* End PBXProject section */

/* Begin PBXResourcesBuildPhase section */
		E0B5B4AB1EC71A95000B338D /* Resources */ = {
			isa = PBXResourcesBuildPhase;
			buildActionMask = 2147483647;
			files = (
				E0B5B4BB1EC71A95000B338D /* LaunchScreen.storyboard in Resources */,
				E0B5B4B81EC71A95000B338D /* Assets.xcassets in Resources */,
				E0B5B4B61EC71A95000B338D /* Main.storyboard in Resources */,
			);
			runOnlyForDeploymentPostprocessing = 0;
		};
		E0B5B4BF1EC71A95000B338D /* Resources */ = {
			isa = PBXResourcesBuildPhase;
			buildActionMask = 2147483647;
			files = (
			);
			runOnlyForDeploymentPostprocessing = 0;
		};
		E0B5B4CA1EC71A95000B338D /* Resources */ = {
			isa = PBXResourcesBuildPhase;
			buildActionMask = 2147483647;
			files = (
			);
			runOnlyForDeploymentPostprocessing = 0;
		};
/* End PBXResourcesBuildPhase section */

/* Begin PBXShellScriptBuildPhase section */
		08C3A7361E1F4BD0C89B3696 /* [CP] Check Pods Manifest.lock */ = {
			isa = PBXShellScriptBuildPhase;
			buildActionMask = 2147483647;
			files = (
			);
			inputPaths = (
			);
			name = "[CP] Check Pods Manifest.lock";
			outputPaths = (
			);
			runOnlyForDeploymentPostprocessing = 0;
			shellPath = /bin/sh;
			shellScript = "diff \"${PODS_PODFILE_DIR_PATH}/Podfile.lock\" \"${PODS_ROOT}/Manifest.lock\" > /dev/null\nif [ $? != 0 ] ; then\n    # print error to STDERR\n    echo \"error: The sandbox is not in sync with the Podfile.lock. Run 'pod install' or update your CocoaPods installation.\" >&2\n    exit 1\nfi\n";
			showEnvVarsInLog = 0;
		};
		2E7C857943A9379CCEAA775E /* [CP] Check Pods Manifest.lock */ = {
			isa = PBXShellScriptBuildPhase;
			buildActionMask = 2147483647;
			files = (
			);
			inputPaths = (
			);
			name = "[CP] Check Pods Manifest.lock";
			outputPaths = (
			);
			runOnlyForDeploymentPostprocessing = 0;
			shellPath = /bin/sh;
			shellScript = "diff \"${PODS_PODFILE_DIR_PATH}/Podfile.lock\" \"${PODS_ROOT}/Manifest.lock\" > /dev/null\nif [ $? != 0 ] ; then\n    # print error to STDERR\n    echo \"error: The sandbox is not in sync with the Podfile.lock. Run 'pod install' or update your CocoaPods installation.\" >&2\n    exit 1\nfi\n";
			showEnvVarsInLog = 0;
		};
		43407FE3C30CB850BD79E8C4 /* [CP] Copy Pods Resources */ = {
			isa = PBXShellScriptBuildPhase;
			buildActionMask = 2147483647;
			files = (
			);
			inputPaths = (
			);
			name = "[CP] Copy Pods Resources";
			outputPaths = (
			);
			runOnlyForDeploymentPostprocessing = 0;
			shellPath = /bin/sh;
			shellScript = "\"${SRCROOT}/Pods/Target Support Files/Pods-trackerUITests/Pods-trackerUITests-resources.sh\"\n";
			showEnvVarsInLog = 0;
		};
		77E3065E7000684D240AA3F0 /* [CP] Copy Pods Resources */ = {
			isa = PBXShellScriptBuildPhase;
			buildActionMask = 2147483647;
			files = (
			);
			inputPaths = (
			);
			name = "[CP] Copy Pods Resources";
			outputPaths = (
			);
			runOnlyForDeploymentPostprocessing = 0;
			shellPath = /bin/sh;
			shellScript = "\"${SRCROOT}/Pods/Target Support Files/Pods-tracker/Pods-tracker-resources.sh\"\n";
			showEnvVarsInLog = 0;
		};
		A00A795AE338DA636113373B /* [CP] Embed Pods Frameworks */ = {
			isa = PBXShellScriptBuildPhase;
			buildActionMask = 2147483647;
			files = (
			);
			inputPaths = (
			);
			name = "[CP] Embed Pods Frameworks";
			outputPaths = (
			);
			runOnlyForDeploymentPostprocessing = 0;
			shellPath = /bin/sh;
			shellScript = "\"${SRCROOT}/Pods/Target Support Files/Pods-tracker/Pods-tracker-frameworks.sh\"\n";
			showEnvVarsInLog = 0;
		};
		AAA8E2B12D0443AB7130B8F5 /* [CP] Embed Pods Frameworks */ = {
			isa = PBXShellScriptBuildPhase;
			buildActionMask = 2147483647;
			files = (
			);
			inputPaths = (
			);
			name = "[CP] Embed Pods Frameworks";
			outputPaths = (
			);
			runOnlyForDeploymentPostprocessing = 0;
			shellPath = /bin/sh;
			shellScript = "\"${SRCROOT}/Pods/Target Support Files/Pods-trackerUITests/Pods-trackerUITests-frameworks.sh\"\n";
			showEnvVarsInLog = 0;
		};
		E5F45FACC9F3D8411922B9D1 /* [CP] Embed Pods Frameworks */ = {
			isa = PBXShellScriptBuildPhase;
			buildActionMask = 2147483647;
			files = (
			);
			inputPaths = (
			);
			name = "[CP] Embed Pods Frameworks";
			outputPaths = (
			);
			runOnlyForDeploymentPostprocessing = 0;
			shellPath = /bin/sh;
			shellScript = "\"${SRCROOT}/Pods/Target Support Files/Pods-trackerTests/Pods-trackerTests-frameworks.sh\"\n";
			showEnvVarsInLog = 0;
		};
		EF1AFC089281330AECCF4119 /* [CP] Check Pods Manifest.lock */ = {
			isa = PBXShellScriptBuildPhase;
			buildActionMask = 2147483647;
			files = (
			);
			inputPaths = (
			);
			name = "[CP] Check Pods Manifest.lock";
			outputPaths = (
			);
			runOnlyForDeploymentPostprocessing = 0;
			shellPath = /bin/sh;
			shellScript = "diff \"${PODS_PODFILE_DIR_PATH}/Podfile.lock\" \"${PODS_ROOT}/Manifest.lock\" > /dev/null\nif [ $? != 0 ] ; then\n    # print error to STDERR\n    echo \"error: The sandbox is not in sync with the Podfile.lock. Run 'pod install' or update your CocoaPods installation.\" >&2\n    exit 1\nfi\n";
			showEnvVarsInLog = 0;
		};
		F1B8AE511421AB43CB9C37D9 /* [CP] Copy Pods Resources */ = {
			isa = PBXShellScriptBuildPhase;
			buildActionMask = 2147483647;
			files = (
			);
			inputPaths = (
			);
			name = "[CP] Copy Pods Resources";
			outputPaths = (
			);
			runOnlyForDeploymentPostprocessing = 0;
			shellPath = /bin/sh;
			shellScript = "\"${SRCROOT}/Pods/Target Support Files/Pods-trackerTests/Pods-trackerTests-resources.sh\"\n";
			showEnvVarsInLog = 0;
		};
/* End PBXShellScriptBuildPhase section */

/* Begin PBXSourcesBuildPhase section */
		E0B5B4A91EC71A95000B338D /* Sources */ = {
			isa = PBXSourcesBuildPhase;
			buildActionMask = 2147483647;
			files = (
				E0B5B4B31EC71A95000B338D /* ViewController.swift in Sources */,
				E0B5B4B11EC71A95000B338D /* AppDelegate.swift in Sources */,
			);
			runOnlyForDeploymentPostprocessing = 0;
		};
		E0B5B4BD1EC71A95000B338D /* Sources */ = {
			isa = PBXSourcesBuildPhase;
			buildActionMask = 2147483647;
			files = (
				E0B5B4C61EC71A95000B338D /* trackerTests.swift in Sources */,
			);
			runOnlyForDeploymentPostprocessing = 0;
		};
		E0B5B4C81EC71A95000B338D /* Sources */ = {
			isa = PBXSourcesBuildPhase;
			buildActionMask = 2147483647;
			files = (
				E0B5B4D11EC71A95000B338D /* trackerUITests.swift in Sources */,
			);
			runOnlyForDeploymentPostprocessing = 0;
		};
/* End PBXSourcesBuildPhase section */

/* Begin PBXTargetDependency section */
		E0B5B4C31EC71A95000B338D /* PBXTargetDependency */ = {
			isa = PBXTargetDependency;
			target = E0B5B4AC1EC71A95000B338D /* tracker */;
			targetProxy = E0B5B4C21EC71A95000B338D /* PBXContainerItemProxy */;
		};
		E0B5B4CE1EC71A95000B338D /* PBXTargetDependency */ = {
			isa = PBXTargetDependency;
			target = E0B5B4AC1EC71A95000B338D /* tracker */;
			targetProxy = E0B5B4CD1EC71A95000B338D /* PBXContainerItemProxy */;
		};
/* End PBXTargetDependency section */

/* Begin PBXVariantGroup section */
		E0B5B4B41EC71A95000B338D /* Main.storyboard */ = {
			isa = PBXVariantGroup;
			children = (
				E0B5B4B51EC71A95000B338D /* Base */,
			);
			name = Main.storyboard;
			sourceTree = "<group>";
		};
		E0B5B4B91EC71A95000B338D /* LaunchScreen.storyboard */ = {
			isa = PBXVariantGroup;
			children = (
				E0B5B4BA1EC71A95000B338D /* Base */,
			);
			name = LaunchScreen.storyboard;
			sourceTree = "<group>";
		};
/* End PBXVariantGroup section */

/* Begin XCBuildConfiguration section */
		E0B5B4D31EC71A95000B338D /* Debug */ = {
			isa = XCBuildConfiguration;
			buildSettings = {
				ALWAYS_SEARCH_USER_PATHS = NO;
				CLANG_ANALYZER_NONNULL = YES;
				CLANG_ANALYZER_NUMBER_OBJECT_CONVERSION = YES_AGGRESSIVE;
				CLANG_CXX_LANGUAGE_STANDARD = "gnu++0x";
				CLANG_CXX_LIBRARY = "libc++";
				CLANG_ENABLE_MODULES = YES;
				CLANG_ENABLE_OBJC_ARC = YES;
				CLANG_WARN_BOOL_CONVERSION = YES;
				CLANG_WARN_CONSTANT_CONVERSION = YES;
				CLANG_WARN_DIRECT_OBJC_ISA_USAGE = YES_ERROR;
				CLANG_WARN_DOCUMENTATION_COMMENTS = YES;
				CLANG_WARN_EMPTY_BODY = YES;
				CLANG_WARN_ENUM_CONVERSION = YES;
				CLANG_WARN_INFINITE_RECURSION = YES;
				CLANG_WARN_INT_CONVERSION = YES;
				CLANG_WARN_OBJC_ROOT_CLASS = YES_ERROR;
				CLANG_WARN_SUSPICIOUS_MOVE = YES;
				CLANG_WARN_UNREACHABLE_CODE = YES;
				CLANG_WARN__DUPLICATE_METHOD_MATCH = YES;
				"CODE_SIGN_IDENTITY[sdk=iphoneos*]" = "iPhone Developer";
				COPY_PHASE_STRIP = NO;
				DEBUG_INFORMATION_FORMAT = dwarf;
				ENABLE_STRICT_OBJC_MSGSEND = YES;
				ENABLE_TESTABILITY = YES;
				GCC_C_LANGUAGE_STANDARD = gnu99;
				GCC_DYNAMIC_NO_PIC = NO;
				GCC_NO_COMMON_BLOCKS = YES;
				GCC_OPTIMIZATION_LEVEL = 0;
				GCC_PREPROCESSOR_DEFINITIONS = (
					"DEBUG=1",
					"$(inherited)",
				);
				GCC_WARN_64_TO_32_BIT_CONVERSION = YES;
				GCC_WARN_ABOUT_RETURN_TYPE = YES_ERROR;
				GCC_WARN_UNDECLARED_SELECTOR = YES;
				GCC_WARN_UNINITIALIZED_AUTOS = YES_AGGRESSIVE;
				GCC_WARN_UNUSED_FUNCTION = YES;
				GCC_WARN_UNUSED_VARIABLE = YES;
				IPHONEOS_DEPLOYMENT_TARGET = 10.3;
				MTL_ENABLE_DEBUG_INFO = YES;
				ONLY_ACTIVE_ARCH = YES;
				SDKROOT = iphoneos;
				SWIFT_ACTIVE_COMPILATION_CONDITIONS = DEBUG;
				SWIFT_OPTIMIZATION_LEVEL = "-Onone";
				TARGETED_DEVICE_FAMILY = "1,2";
			};
			name = Debug;
		};
		E0B5B4D41EC71A95000B338D /* Release */ = {
			isa = XCBuildConfiguration;
			buildSettings = {
				ALWAYS_SEARCH_USER_PATHS = NO;
				CLANG_ANALYZER_NONNULL = YES;
				CLANG_ANALYZER_NUMBER_OBJECT_CONVERSION = YES_AGGRESSIVE;
				CLANG_CXX_LANGUAGE_STANDARD = "gnu++0x";
				CLANG_CXX_LIBRARY = "libc++";
				CLANG_ENABLE_MODULES = YES;
				CLANG_ENABLE_OBJC_ARC = YES;
				CLANG_WARN_BOOL_CONVERSION = YES;
				CLANG_WARN_CONSTANT_CONVERSION = YES;
				CLANG_WARN_DIRECT_OBJC_ISA_USAGE = YES_ERROR;
				CLANG_WARN_DOCUMENTATION_COMMENTS = YES;
				CLANG_WARN_EMPTY_BODY = YES;
				CLANG_WARN_ENUM_CONVERSION = YES;
				CLANG_WARN_INFINITE_RECURSION = YES;
				CLANG_WARN_INT_CONVERSION = YES;
				CLANG_WARN_OBJC_ROOT_CLASS = YES_ERROR;
				CLANG_WARN_SUSPICIOUS_MOVE = YES;
				CLANG_WARN_UNREACHABLE_CODE = YES;
				CLANG_WARN__DUPLICATE_METHOD_MATCH = YES;
				"CODE_SIGN_IDENTITY[sdk=iphoneos*]" = "iPhone Developer";
				COPY_PHASE_STRIP = NO;
				DEBUG_INFORMATION_FORMAT = "dwarf-with-dsym";
				ENABLE_NS_ASSERTIONS = NO;
				ENABLE_STRICT_OBJC_MSGSEND = YES;
				GCC_C_LANGUAGE_STANDARD = gnu99;
				GCC_NO_COMMON_BLOCKS = YES;
				GCC_WARN_64_TO_32_BIT_CONVERSION = YES;
				GCC_WARN_ABOUT_RETURN_TYPE = YES_ERROR;
				GCC_WARN_UNDECLARED_SELECTOR = YES;
				GCC_WARN_UNINITIALIZED_AUTOS = YES_AGGRESSIVE;
				GCC_WARN_UNUSED_FUNCTION = YES;
				GCC_WARN_UNUSED_VARIABLE = YES;
				IPHONEOS_DEPLOYMENT_TARGET = 10.3;
				MTL_ENABLE_DEBUG_INFO = NO;
				SDKROOT = iphoneos;
				SWIFT_OPTIMIZATION_LEVEL = "-Owholemodule";
				TARGETED_DEVICE_FAMILY = "1,2";
				VALIDATE_PRODUCT = YES;
			};
			name = Release;
		};
		E0B5B4D61EC71A95000B338D /* Debug */ = {
			isa = XCBuildConfiguration;
			baseConfigurationReference = 9EE8DB5E2BB7DDFA6A78BEF4 /* Pods-tracker.debug.xcconfig */;
			buildSettings = {
				ASSETCATALOG_COMPILER_APPICON_NAME = AppIcon;
				INFOPLIST_FILE = tracker/Info.plist;
				LD_RUNPATH_SEARCH_PATHS = "$(inherited) @executable_path/Frameworks";
				PRODUCT_BUNDLE_IDENTIFIER = t2n3qqq.tracker;
				PRODUCT_NAME = "$(TARGET_NAME)";
				SWIFT_VERSION = 3.0;
			};
			name = Debug;
		};
		E0B5B4D71EC71A95000B338D /* Release */ = {
			isa = XCBuildConfiguration;
			baseConfigurationReference = E28660138DA4F2DCBED4E4DB /* Pods-tracker.release.xcconfig */;
			buildSettings = {
				ASSETCATALOG_COMPILER_APPICON_NAME = AppIcon;
				INFOPLIST_FILE = tracker/Info.plist;
				LD_RUNPATH_SEARCH_PATHS = "$(inherited) @executable_path/Frameworks";
				PRODUCT_BUNDLE_IDENTIFIER = t2n3qqq.tracker;
				PRODUCT_NAME = "$(TARGET_NAME)";
				SWIFT_VERSION = 3.0;
			};
			name = Release;
		};
		E0B5B4D91EC71A95000B338D /* Debug */ = {
			isa = XCBuildConfiguration;
			baseConfigurationReference = D6AEC063D3A1F2BCA00F2AA1 /* Pods-trackerTests.debug.xcconfig */;
			buildSettings = {
				ALWAYS_EMBED_SWIFT_STANDARD_LIBRARIES = YES;
				BUNDLE_LOADER = "$(TEST_HOST)";
				INFOPLIST_FILE = trackerTests/Info.plist;
				LD_RUNPATH_SEARCH_PATHS = "$(inherited) @executable_path/Frameworks @loader_path/Frameworks";
				PRODUCT_BUNDLE_IDENTIFIER = t2n3qqq.trackerTests;
				PRODUCT_NAME = "$(TARGET_NAME)";
				SWIFT_VERSION = 3.0;
				TEST_HOST = "$(BUILT_PRODUCTS_DIR)/tracker.app/tracker";
			};
			name = Debug;
		};
		E0B5B4DA1EC71A95000B338D /* Release */ = {
			isa = XCBuildConfiguration;
			baseConfigurationReference = AE7C57163838AB439210BDE4 /* Pods-trackerTests.release.xcconfig */;
			buildSettings = {
				ALWAYS_EMBED_SWIFT_STANDARD_LIBRARIES = YES;
				BUNDLE_LOADER = "$(TEST_HOST)";
				INFOPLIST_FILE = trackerTests/Info.plist;
				LD_RUNPATH_SEARCH_PATHS = "$(inherited) @executable_path/Frameworks @loader_path/Frameworks";
				PRODUCT_BUNDLE_IDENTIFIER = t2n3qqq.trackerTests;
				PRODUCT_NAME = "$(TARGET_NAME)";
				SWIFT_VERSION = 3.0;
				TEST_HOST = "$(BUILT_PRODUCTS_DIR)/tracker.app/tracker";
			};
			name = Release;
		};
		E0B5B4DC1EC71A95000B338D /* Debug */ = {
			isa = XCBuildConfiguration;
			baseConfigurationReference = 55006BAF157051B5BD14D6DF /* Pods-trackerUITests.debug.xcconfig */;
			buildSettings = {
				ALWAYS_EMBED_SWIFT_STANDARD_LIBRARIES = YES;
				INFOPLIST_FILE = trackerUITests/Info.plist;
				LD_RUNPATH_SEARCH_PATHS = "$(inherited) @executable_path/Frameworks @loader_path/Frameworks";
				PRODUCT_BUNDLE_IDENTIFIER = t2n3qqq.trackerUITests;
				PRODUCT_NAME = "$(TARGET_NAME)";
				SWIFT_VERSION = 3.0;
				TEST_TARGET_NAME = tracker;
			};
			name = Debug;
		};
		E0B5B4DD1EC71A95000B338D /* Release */ = {
			isa = XCBuildConfiguration;
			baseConfigurationReference = AC53556CB15B446370A77908 /* Pods-trackerUITests.release.xcconfig */;
			buildSettings = {
				ALWAYS_EMBED_SWIFT_STANDARD_LIBRARIES = YES;
				INFOPLIST_FILE = trackerUITests/Info.plist;
				LD_RUNPATH_SEARCH_PATHS = "$(inherited) @executable_path/Frameworks @loader_path/Frameworks";
				PRODUCT_BUNDLE_IDENTIFIER = t2n3qqq.trackerUITests;
				PRODUCT_NAME = "$(TARGET_NAME)";
				SWIFT_VERSION = 3.0;
				TEST_TARGET_NAME = tracker;
			};
			name = Release;
		};
/* End XCBuildConfiguration section */

/* Begin XCConfigurationList section */
		E0B5B4A81EC71A95000B338D /* Build configuration list for PBXProject "tracker" */ = {
			isa = XCConfigurationList;
			buildConfigurations = (
				E0B5B4D31EC71A95000B338D /* Debug */,
				E0B5B4D41EC71A95000B338D /* Release */,
			);
			defaultConfigurationIsVisible = 0;
			defaultConfigurationName = Release;
		};
		E0B5B4D51EC71A95000B338D /* Build configuration list for PBXNativeTarget "tracker" */ = {
			isa = XCConfigurationList;
			buildConfigurations = (
				E0B5B4D61EC71A95000B338D /* Debug */,
				E0B5B4D71EC71A95000B338D /* Release */,
			);
			defaultConfigurationIsVisible = 0;
		};
		E0B5B4D81EC71A95000B338D /* Build configuration list for PBXNativeTarget "trackerTests" */ = {
			isa = XCConfigurationList;
			buildConfigurations = (
				E0B5B4D91EC71A95000B338D /* Debug */,
				E0B5B4DA1EC71A95000B338D /* Release */,
			);
			defaultConfigurationIsVisible = 0;
		};
		E0B5B4DB1EC71A95000B338D /* Build configuration list for PBXNativeTarget "trackerUITests" */ = {
			isa = XCConfigurationList;
			buildConfigurations = (
				E0B5B4DC1EC71A95000B338D /* Debug */,
				E0B5B4DD1EC71A95000B338D /* Release */,
			);
			defaultConfigurationIsVisible = 0;
		};
/* End XCConfigurationList section */
	};
	rootObject = E0B5B4A51EC71A95000B338D /* Project object */;
}
